{
  "name": "pane-sample-background-ts",
  "version": "0.1.0",
  "lockfileVersion": 3,
  "requires": true,
  "packages": {
    "": {
      "name": "pane-sample-background-ts",
      "version": "0.1.0",
      "license": "Apache-2.0 OR MIT",
      "devDependencies": {
        "@pane/extension": "file:../js"
      }
    },
    "../js": {
      "name": "@pane/extension",
      "version": "0.1.0",
      "dev": true,
      "license": "Apache-2.0 OR MIT"
    },
    "node_modules/@pane/extension": {
      "resolved": "../js",
      "link": true
    }
  }
}
